
Microsoft Visual Studio Solution File, Format Version 12.00
# Visual Studio Version 17
VisualStudioVersion = 17.11.35303.130
MinimumVisualStudioVersion = 10.0.40219.1
Project("{9A19103F-16F7-4668-BE54-9A1E7A4F7556}") = "ShapeAreaCalculator", "ShapeAreaCalculator\ShapeAreaCalculator.csproj", "{5CE7CC93-7755-4DF7-BDA8-AD8133BD872C}"
EndProject
Project("{FAE04EC0-301F-11D3-BF4B-00C04F79EFBC}") = "ShapeAreaCalculator.Tests", "ShapeAreaCalculator.Tests\ShapeAreaCalculator.Tests.csproj", "{9A1206B5-FED1-4B55-9C6A-ACA6EAC482A5}"
EndProject
Project("{2150E333-8FDC-42A3-9474-1A3956D46DE8}") = "SQL", "SQL", "{29216BBF-08C0-4D5A-A02F-CBA63A2B4D36}"
	ProjectSection(SolutionItems) = preProject
		script.sql = script.sql
	EndProjectSection
EndProject
Global
	GlobalSection(SolutionConfigurationPlatforms) = preSolution
		Debug|Any CPU = Debug|Any CPU
		Release|Any CPU = Release|Any CPU
	EndGlobalSection
	GlobalSection(ProjectConfigurationPlatforms) = postSolution
		{5CE7CC93-7755-4DF7-BDA8-AD8133BD872C}.Debug|Any CPU.ActiveCfg = Debug|Any CPU
		{5CE7CC93-7755-4DF7-BDA8-AD8133BD872C}.Debug|Any CPU.Build.0 = Debug|Any CPU
		{5CE7CC93-7755-4DF7-BDA8-AD8133BD872C}.Release|Any CPU.ActiveCfg = Release|Any CPU
		{5CE7CC93-7755-4DF7-BDA8-AD8133BD872C}.Release|Any CPU.Build.0 = Release|Any CPU
		{9A1206B5-FED1-4B55-9C6A-ACA6EAC482A5}.Debug|Any CPU.ActiveCfg = Debug|Any CPU
		{9A1206B5-FED1-4B55-9C6A-ACA6EAC482A5}.Debug|Any CPU.Build.0 = Debug|Any CPU
		{9A1206B5-FED1-4B55-9C6A-ACA6EAC482A5}.Release|Any CPU.ActiveCfg = Release|Any CPU
		{9A1206B5-FED1-4B55-9C6A-ACA6EAC482A5}.Release|Any CPU.Build.0 = Release|Any CPU
	EndGlobalSection
	GlobalSection(SolutionProperties) = preSolution
		HideSolutionNode = FALSE
	EndGlobalSection
	GlobalSection(ExtensibilityGlobals) = postSolution
		SolutionGuid = {9BA1B820-770A-498C-9450-C78A48011FCA}
	EndGlobalSection
EndGlobal
